{
  "name": "07_instalando-modulo-publicado",
  "version": "1.0.0",
  "lockfileVersion": 3,
  "requires": true,
  "packages": {
    "": {
      "name": "07_instalando-modulo-publicado",
      "version": "1.0.0",
      "license": "ISC",
      "dependencies": {
        "@felipemotarocha/fullstackclub-package": "^1.0.2"
      }
    },
    "node_modules/@felipemotarocha/fullstackclub-package": {
      "version": "1.0.2",
      "resolved": "https://registry.npmjs.org/@felipemotarocha/fullstackclub-package/-/fullstackclub-package-1.0.2.tgz",
      "integrity": "sha512-cIQBuSHjIjOt4pZk9Wpd8UYBS4Kohe3GG+gzUzk/EZpJDiXIh8dEErlTG08ic5a1MdbktdqyFSccjHvGGvuj/g=="
    }
  }
}
